
Microsoft Visual Studio Solution File, Format Version 12.00
# Visual Studio 15
VisualStudioVersion = 15.0.28010.2041
MinimumVisualStudioVersion = 10.0.40219.1
Project("{8BC9CEB8-8B4A-11D0-8D11-00A0C91BC942}") = "Visitor", "Visitor\Visitor.vcxproj", "{EDEEBD60-FCF3-4FBF-98FE-EFF85BF5B32E}"
EndProject
Global
	GlobalSection(SolutionConfigurationPlatforms) = preSolution
		Debug|x64 = Debug|x64
		Debug|x86 = Debug|x86
		Release|x64 = Release|x64
		Release|x86 = Release|x86
	EndGlobalSection
	GlobalSection(ProjectConfigurationPlatforms) = postSolution
		{EDEEBD60-FCF3-4FBF-98FE-EFF85BF5B32E}.Debug|x64.ActiveCfg = Debug|x64
		{EDEEBD60-FCF3-4FBF-98FE-EFF85BF5B32E}.Debug|x64.Build.0 = Debug|x64
		{EDEEBD60-FCF3-4FBF-98FE-EFF85BF5B32E}.Debug|x86.ActiveCfg = Debug|Win32
		{EDEEBD60-FCF3-4FBF-98FE-EFF85BF5B32E}.Debug|x86.Build.0 = Debug|Win32
		{EDEEBD60-FCF3-4FBF-98FE-EFF85BF5B32E}.Release|x64.ActiveCfg = Release|x64
		{EDEEBD60-FCF3-4FBF-98FE-EFF85BF5B32E}.Release|x64.Build.0 = Release|x64
		{EDEEBD60-FCF3-4FBF-98FE-EFF85BF5B32E}.Release|x86.ActiveCfg = Release|Win32
		{EDEEBD60-FCF3-4FBF-98FE-EFF85BF5B32E}.Release|x86.Build.0 = Release|Win32
	EndGlobalSection
	GlobalSection(SolutionProperties) = preSolution
		HideSolutionNode = FALSE
	EndGlobalSection
	GlobalSection(ExtensibilityGlobals) = postSolution
		SolutionGuid = {9DED71CD-6F50-4425-A604-EEEC873CDA4D}
	EndGlobalSection
EndGlobal
